
Microsoft Visual Studio Solution File, Format Version 12.00
# Visual Studio Version 16
VisualStudioVersion = 16.0.30413.136
MinimumVisualStudioVersion = 10.0.40219.1
Project("{9A19103F-16F7-4668-BE54-9A1E7A4F7556}") = "Mediate.Core", "src\Mediate.Core\Mediate.Core.csproj", "{415E6771-C12D-496B-9548-EB81771433AB}"
EndProject
Project("{2150E333-8FDC-42A3-9474-1A3956D46DE8}") = "samples", "samples", "{CC0EC04F-7413-4729-AB91-37A91D2C53B7}"
EndProject
Project("{9A19103F-16F7-4668-BE54-9A1E7A4F7556}") = "Mediate.Samples.AspNetCore", "samples\Mediate.Samples.AspNetCore\Mediate.Samples.AspNetCore.csproj", "{67A6A1A4-65F6-4871-94EB-C97698AA73E3}"
EndProject
Project("{9A19103F-16F7-4668-BE54-9A1E7A4F7556}") = "Mediate.Samples.AspNetCore.Autofac", "samples\Mediate.Samples.AspNetCore.Autofac\Mediate.Samples.AspNetCore.Autofac.csproj", "{21F4DBBF-73A3-44FF-8FEA-6DBC51701849}"
EndProject
Project("{9A19103F-16F7-4668-BE54-9A1E7A4F7556}") = "Mediate.Samples.Shared", "samples\Mediate.Samples.Shared\Mediate.Samples.Shared.csproj", "{920A5CE4-5E85-4351-B89E-3B6EBC582C51}"
EndProject
Project("{2150E333-8FDC-42A3-9474-1A3956D46DE8}") = "src", "src", "{6102BC18-555B-4BC8-A568-88F910BF1303}"
EndProject
Project("{FAE04EC0-301F-11D3-BF4B-00C04F79EFBC}") = "Mediate.Extensions.AspNetCore", "src\Mediate.Extensions.AspNetCore\Mediate.Extensions.AspNetCore.csproj", "{5AB73BC3-B20C-4C10-A914-CCC97B18FB71}"
EndProject
Project("{9A19103F-16F7-4668-BE54-9A1E7A4F7556}") = "Mediate.Extensions.AspNetCore.Microsoft.DependencyInjection", "src\Mediate.Extensions.AspNetCore.Microsoft.DependencyInjection\Mediate.Extensions.AspNetCore.Microsoft.DependencyInjection.csproj", "{B22D5541-685F-4158-A65A-24AEA1942499}"
EndProject
Project("{2150E333-8FDC-42A3-9474-1A3956D46DE8}") = "Solution Items", "Solution Items", "{3214D5EB-4D05-4D33-93F0-AC5A9E03F0FD}"
	ProjectSection(SolutionItems) = preProject
		README.md = README.md
	EndProjectSection
EndProject
Global
	GlobalSection(SolutionConfigurationPlatforms) = preSolution
		Debug|Any CPU = Debug|Any CPU
		Release|Any CPU = Release|Any CPU
	EndGlobalSection
	GlobalSection(ProjectConfigurationPlatforms) = postSolution
		{415E6771-C12D-496B-9548-EB81771433AB}.Debug|Any CPU.ActiveCfg = Debug|Any CPU
		{415E6771-C12D-496B-9548-EB81771433AB}.Debug|Any CPU.Build.0 = Debug|Any CPU
		{415E6771-C12D-496B-9548-EB81771433AB}.Release|Any CPU.ActiveCfg = Release|Any CPU
		{415E6771-C12D-496B-9548-EB81771433AB}.Release|Any CPU.Build.0 = Release|Any CPU
		{67A6A1A4-65F6-4871-94EB-C97698AA73E3}.Debug|Any CPU.ActiveCfg = Debug|Any CPU
		{67A6A1A4-65F6-4871-94EB-C97698AA73E3}.Debug|Any CPU.Build.0 = Debug|Any CPU
		{67A6A1A4-65F6-4871-94EB-C97698AA73E3}.Release|Any CPU.ActiveCfg = Release|Any CPU
		{67A6A1A4-65F6-4871-94EB-C97698AA73E3}.Release|Any CPU.Build.0 = Release|Any CPU
		{21F4DBBF-73A3-44FF-8FEA-6DBC51701849}.Debug|Any CPU.ActiveCfg = Debug|Any CPU
		{21F4DBBF-73A3-44FF-8FEA-6DBC51701849}.Debug|Any CPU.Build.0 = Debug|Any CPU
		{21F4DBBF-73A3-44FF-8FEA-6DBC51701849}.Release|Any CPU.ActiveCfg = Release|Any CPU
		{21F4DBBF-73A3-44FF-8FEA-6DBC51701849}.Release|Any CPU.Build.0 = Release|Any CPU
		{920A5CE4-5E85-4351-B89E-3B6EBC582C51}.Debug|Any CPU.ActiveCfg = Debug|Any CPU
		{920A5CE4-5E85-4351-B89E-3B6EBC582C51}.Debug|Any CPU.Build.0 = Debug|Any CPU
		{920A5CE4-5E85-4351-B89E-3B6EBC582C51}.Release|Any CPU.ActiveCfg = Release|Any CPU
		{920A5CE4-5E85-4351-B89E-3B6EBC582C51}.Release|Any CPU.Build.0 = Release|Any CPU
		{5AB73BC3-B20C-4C10-A914-CCC97B18FB71}.Debug|Any CPU.ActiveCfg = Debug|Any CPU
		{5AB73BC3-B20C-4C10-A914-CCC97B18FB71}.Debug|Any CPU.Build.0 = Debug|Any CPU
		{5AB73BC3-B20C-4C10-A914-CCC97B18FB71}.Release|Any CPU.ActiveCfg = Release|Any CPU
		{5AB73BC3-B20C-4C10-A914-CCC97B18FB71}.Release|Any CPU.Build.0 = Release|Any CPU
		{B22D5541-685F-4158-A65A-24AEA1942499}.Debug|Any CPU.ActiveCfg = Debug|Any CPU
		{B22D5541-685F-4158-A65A-24AEA1942499}.Debug|Any CPU.Build.0 = Debug|Any CPU
		{B22D5541-685F-4158-A65A-24AEA1942499}.Release|Any CPU.ActiveCfg = Release|Any CPU
		{B22D5541-685F-4158-A65A-24AEA1942499}.Release|Any CPU.Build.0 = Release|Any CPU
	EndGlobalSection
	GlobalSection(SolutionProperties) = preSolution
		HideSolutionNode = FALSE
	EndGlobalSection
	GlobalSection(NestedProjects) = preSolution
		{415E6771-C12D-496B-9548-EB81771433AB} = {6102BC18-555B-4BC8-A568-88F910BF1303}
		{67A6A1A4-65F6-4871-94EB-C97698AA73E3} = {CC0EC04F-7413-4729-AB91-37A91D2C53B7}
		{21F4DBBF-73A3-44FF-8FEA-6DBC51701849} = {CC0EC04F-7413-4729-AB91-37A91D2C53B7}
		{920A5CE4-5E85-4351-B89E-3B6EBC582C51} = {CC0EC04F-7413-4729-AB91-37A91D2C53B7}
		{5AB73BC3-B20C-4C10-A914-CCC97B18FB71} = {6102BC18-555B-4BC8-A568-88F910BF1303}
		{B22D5541-685F-4158-A65A-24AEA1942499} = {6102BC18-555B-4BC8-A568-88F910BF1303}
	EndGlobalSection
	GlobalSection(ExtensibilityGlobals) = postSolution
		SolutionGuid = {7FEF3263-13CF-4EBF-9942-840C38ECFB0A}
	EndGlobalSection
EndGlobal
